
Microsoft Visual Studio Solution File, Format Version 12.00
# Visual Studio Version 16
VisualStudioVersion = 16.0.29728.190
MinimumVisualStudioVersion = 10.0.40219.1
Project("{FAE04EC0-301F-11D3-BF4B-00C04F79EFBC}") = "CapaEntidad", "CapaEntidad\CapaEntidad.csproj", "{3D344644-C49E-4A90-8272-02351BCAB59B}"
EndProject
Project("{FAE04EC0-301F-11D3-BF4B-00C04F79EFBC}") = "CapaLogicadeNegocios", "CapaLogicadeNegocios\CapaLogicadeNegocios.csproj", "{858DFD14-B038-473C-B9C3-0B8873DA7684}"
EndProject
Project("{FAE04EC0-301F-11D3-BF4B-00C04F79EFBC}") = "CapadeAccesoaDatos", "CapadeAccesoaDatos\CapadeAccesoaDatos.csproj", "{7E472675-1356-4B7C-9DEE-C99179D6A5E1}"
EndProject
Global
	GlobalSection(SolutionConfigurationPlatforms) = preSolution
		Debug|Any CPU = Debug|Any CPU
		Release|Any CPU = Release|Any CPU
	EndGlobalSection
	GlobalSection(ProjectConfigurationPlatforms) = postSolution
		{3D344644-C49E-4A90-8272-02351BCAB59B}.Debug|Any CPU.ActiveCfg = Debug|Any CPU
		{3D344644-C49E-4A90-8272-02351BCAB59B}.Debug|Any CPU.Build.0 = Debug|Any CPU
		{3D344644-C49E-4A90-8272-02351BCAB59B}.Release|Any CPU.ActiveCfg = Release|Any CPU
		{3D344644-C49E-4A90-8272-02351BCAB59B}.Release|Any CPU.Build.0 = Release|Any CPU
		{858DFD14-B038-473C-B9C3-0B8873DA7684}.Debug|Any CPU.ActiveCfg = Debug|Any CPU
		{858DFD14-B038-473C-B9C3-0B8873DA7684}.Debug|Any CPU.Build.0 = Debug|Any CPU
		{858DFD14-B038-473C-B9C3-0B8873DA7684}.Release|Any CPU.ActiveCfg = Release|Any CPU
		{858DFD14-B038-473C-B9C3-0B8873DA7684}.Release|Any CPU.Build.0 = Release|Any CPU
		{7E472675-1356-4B7C-9DEE-C99179D6A5E1}.Debug|Any CPU.ActiveCfg = Debug|Any CPU
		{7E472675-1356-4B7C-9DEE-C99179D6A5E1}.Debug|Any CPU.Build.0 = Debug|Any CPU
		{7E472675-1356-4B7C-9DEE-C99179D6A5E1}.Release|Any CPU.ActiveCfg = Release|Any CPU
		{7E472675-1356-4B7C-9DEE-C99179D6A5E1}.Release|Any CPU.Build.0 = Release|Any CPU
	EndGlobalSection
	GlobalSection(SolutionProperties) = preSolution
		HideSolutionNode = FALSE
	EndGlobalSection
	GlobalSection(ExtensibilityGlobals) = postSolution
		SolutionGuid = {804E505E-A074-4F5B-B6EA-24DB6BA8A4C5}
	EndGlobalSection
EndGlobal
